
Microsoft Visual Studio Solution File, Format Version 12.00
# Visual Studio Version 17
VisualStudioVersion = 17.2.32616.157
MinimumVisualStudioVersion = 10.0.40219.1
Project("{FAE04EC0-301F-11D3-BF4B-00C04F79EFBC}") = "ConsoleApp18", "ConsoleApp18\ConsoleApp18.csproj", "{56D713C9-872E-420A-80E7-D950E4E865C2}"
EndProject
Global
	GlobalSection(SolutionConfigurationPlatforms) = preSolution
		Debug|Any CPU = Debug|Any CPU
		Release|Any CPU = Release|Any CPU
	EndGlobalSection
	GlobalSection(ProjectConfigurationPlatforms) = postSolution
		{56D713C9-872E-420A-80E7-D950E4E865C2}.Debug|Any CPU.ActiveCfg = Debug|Any CPU
		{56D713C9-872E-420A-80E7-D950E4E865C2}.Debug|Any CPU.Build.0 = Debug|Any CPU
		{56D713C9-872E-420A-80E7-D950E4E865C2}.Release|Any CPU.ActiveCfg = Release|Any CPU
		{56D713C9-872E-420A-80E7-D950E4E865C2}.Release|Any CPU.Build.0 = Release|Any CPU
	EndGlobalSection
	GlobalSection(SolutionProperties) = preSolution
		HideSolutionNode = FALSE
	EndGlobalSection
	GlobalSection(ExtensibilityGlobals) = postSolution
		SolutionGuid = {B75C35F4-0480-4C12-B742-C9D3299E2D55}
	EndGlobalSection
EndGlobal
